
Microsoft Visual Studio Solution File, Format Version 12.00
# Visual Studio Version 17
VisualStudioVersion = 17.0.31903.59
MinimumVisualStudioVersion = 10.0.40219.1
Project("{9A19103F-16F7-4668-BE54-9A1E7A4F7556}") = "cswm", "cswm\cswm.csproj", "{ED4ECA64-5A31-4D40-90AF-75803C26A804}"
EndProject
Project("{9A19103F-16F7-4668-BE54-9A1E7A4F7556}") = "cswm.TaskBarApp", "cswm.TaskBarApp\cswm.TaskBarApp.csproj", "{FD853E22-FF93-4613-A754-01AAC7D15F27}"
EndProject
Project("{2150E333-8FDC-42A3-9474-1A3956D46DE8}") = "Solution Items", "Solution Items", "{8BFDEF04-CEB9-4596-BC87-4F71C7B04C46}"
	ProjectSection(SolutionItems) = preProject
		README.md = README.md
	EndProjectSection
EndProject
Global
	GlobalSection(SolutionConfigurationPlatforms) = preSolution
		Debug|Any CPU = Debug|Any CPU
		Release|Any CPU = Release|Any CPU
	EndGlobalSection
	GlobalSection(ProjectConfigurationPlatforms) = postSolution
		{ED4ECA64-5A31-4D40-90AF-75803C26A804}.Debug|Any CPU.ActiveCfg = Debug|Any CPU
		{ED4ECA64-5A31-4D40-90AF-75803C26A804}.Debug|Any CPU.Build.0 = Debug|Any CPU
		{ED4ECA64-5A31-4D40-90AF-75803C26A804}.Release|Any CPU.ActiveCfg = Release|Any CPU
		{ED4ECA64-5A31-4D40-90AF-75803C26A804}.Release|Any CPU.Build.0 = Release|Any CPU
		{FD853E22-FF93-4613-A754-01AAC7D15F27}.Debug|Any CPU.ActiveCfg = Debug|Any CPU
		{FD853E22-FF93-4613-A754-01AAC7D15F27}.Debug|Any CPU.Build.0 = Debug|Any CPU
		{FD853E22-FF93-4613-A754-01AAC7D15F27}.Release|Any CPU.ActiveCfg = Release|Any CPU
		{FD853E22-FF93-4613-A754-01AAC7D15F27}.Release|Any CPU.Build.0 = Release|Any CPU
	EndGlobalSection
	GlobalSection(SolutionProperties) = preSolution
		HideSolutionNode = FALSE
	EndGlobalSection
	GlobalSection(ExtensibilityGlobals) = postSolution
		SolutionGuid = {E8AC2741-3673-47C6-94DB-9B750090E7EE}
	EndGlobalSection
EndGlobal
